
Microsoft Visual Studio Solution File, Format Version 12.00
# Visual Studio Version 17
VisualStudioVersion = 17.8.34525.116
MinimumVisualStudioVersion = 10.0.40219.1
Project("{FAE04EC0-301F-11D3-BF4B-00C04F79EFBC}") = "SistemBengkel", "SistemBengkel\SistemBengkel.csproj", "{C479B556-F5B5-4EFE-8859-184C990B2584}"
EndProject
Global
	GlobalSection(SolutionConfigurationPlatforms) = preSolution
		Debug|Any CPU = Debug|Any CPU
		Release|Any CPU = Release|Any CPU
	EndGlobalSection
	GlobalSection(ProjectConfigurationPlatforms) = postSolution
		{C479B556-F5B5-4EFE-8859-184C990B2584}.Debug|Any CPU.ActiveCfg = Debug|Any CPU
		{C479B556-F5B5-4EFE-8859-184C990B2584}.Debug|Any CPU.Build.0 = Debug|Any CPU
		{C479B556-F5B5-4EFE-8859-184C990B2584}.Release|Any CPU.ActiveCfg = Release|Any CPU
		{C479B556-F5B5-4EFE-8859-184C990B2584}.Release|Any CPU.Build.0 = Release|Any CPU
	EndGlobalSection
	GlobalSection(SolutionProperties) = preSolution
		HideSolutionNode = FALSE
	EndGlobalSection
	GlobalSection(ExtensibilityGlobals) = postSolution
		SolutionGuid = {FB3C9D22-AC08-42B0-81CE-F1970FEE6A5F}
	EndGlobalSection
EndGlobal
